
Microsoft Visual Studio Solution File, Format Version 12.00
# Visual Studio Version 17
VisualStudioVersion = 17.9.34723.18
MinimumVisualStudioVersion = 10.0.40219.1
Project("{9A19103F-16F7-4668-BE54-9A1E7A4F7556}") = "PosService", "PosService\PosService.csproj", "{B217D0E8-B074-4DBE-80EE-416D3569002D}"
EndProject
Global
	GlobalSection(SolutionConfigurationPlatforms) = preSolution
		Debug|Any CPU = Debug|Any CPU
		Release|Any CPU = Release|Any CPU
	EndGlobalSection
	GlobalSection(ProjectConfigurationPlatforms) = postSolution
		{B217D0E8-B074-4DBE-80EE-416D3569002D}.Debug|Any CPU.ActiveCfg = Debug|Any CPU
		{B217D0E8-B074-4DBE-80EE-416D3569002D}.Debug|Any CPU.Build.0 = Debug|Any CPU
		{B217D0E8-B074-4DBE-80EE-416D3569002D}.Release|Any CPU.ActiveCfg = Release|Any CPU
		{B217D0E8-B074-4DBE-80EE-416D3569002D}.Release|Any CPU.Build.0 = Release|Any CPU
	EndGlobalSection
	GlobalSection(SolutionProperties) = preSolution
		HideSolutionNode = FALSE
	EndGlobalSection
	GlobalSection(ExtensibilityGlobals) = postSolution
		SolutionGuid = {23E61B3A-BE4D-4141-A841-98ECBB9F13F0}
	EndGlobalSection
EndGlobal
